
Microsoft Visual Studio Solution File, Format Version 12.00
# Visual Studio Version 17
VisualStudioVersion = 17.13.35825.156 d17.13
MinimumVisualStudioVersion = 10.0.40219.1
Project("{FAE04EC0-301F-11D3-BF4B-00C04F79EFBC}") = "COMP003B.LectureActivity3", "COMP003B.LectureActivity3\COMP003B.LectureActivity3.csproj", "{D2E58C27-4388-4603-96D8-A5409FE24ACA}"
EndProject
Global
	GlobalSection(SolutionConfigurationPlatforms) = preSolution
		Debug|Any CPU = Debug|Any CPU
		Release|Any CPU = Release|Any CPU
	EndGlobalSection
	GlobalSection(ProjectConfigurationPlatforms) = postSolution
		{D2E58C27-4388-4603-96D8-A5409FE24ACA}.Debug|Any CPU.ActiveCfg = Debug|Any CPU
		{D2E58C27-4388-4603-96D8-A5409FE24ACA}.Debug|Any CPU.Build.0 = Debug|Any CPU
		{D2E58C27-4388-4603-96D8-A5409FE24ACA}.Release|Any CPU.ActiveCfg = Release|Any CPU
		{D2E58C27-4388-4603-96D8-A5409FE24ACA}.Release|Any CPU.Build.0 = Release|Any CPU
	EndGlobalSection
	GlobalSection(SolutionProperties) = preSolution
		HideSolutionNode = FALSE
	EndGlobalSection
	GlobalSection(ExtensibilityGlobals) = postSolution
		SolutionGuid = {9335DFF9-3DC3-41B6-84A0-F2C9E948F127}
	EndGlobalSection
EndGlobal
